// !$*UTF8*$!
{
	archiveVersion = 1;
	classes = {
	};
	objectVersion = 46;
	objects = {

/* Begin PBXBuildFile section */
		3333F8972198687500816A9F /* GBLaunchAtLogin.m in Sources */ = {isa = PBXBuildFile; fileRef = 3333F8942198687500816A9F /* GBLaunchAtLogin.m */; };
		336F744D1E07E136009BCC1B /* AppDelegate.m in Sources */ = {isa = PBXBuildFile; fileRef = 336F744C1E07E136009BCC1B /* AppDelegate.m */; };
		336F74501E07E136009BCC1B /* main.m in Sources */ = {isa = PBXBuildFile; fileRef = 336F744F1E07E136009BCC1B /* main.m */; };
		336F74521E07E136009BCC1B /* Assets.xcassets in Resources */ = {isa = PBXBuildFile; fileRef = 336F74511E07E136009BCC1B /* Assets.xcassets */; };
		336F74551E07E136009BCC1B /* MainMenu.xib in Resources */ = {isa = PBXBuildFile; fileRef = 336F74531E07E136009BCC1B /* MainMenu.xib */; };
		336F74651E07E4F6009BCC1B /* CoreAudio.framework in Frameworks */ = {isa = PBXBuildFile; fileRef = 336F74641E07E4F6009BCC1B /* CoreAudio.framework */; };
		33CD48BF1F866DB7000C454F /* ScriptingBridge.framework in Frameworks */ = {isa = PBXBuildFile; fileRef = 33CD48BE1F866DB7000C454F /* ScriptingBridge.framework */; };
		33CD48CB1F867394000C454F /* icon.png in Resources */ = {isa = PBXBuildFile; fileRef = 33CD48C71F8671B6000C454F /* icon.png */; };
		33CD48CC1F867408000C454F /* icon@2x.png in Resources */ = {isa = PBXBuildFile; fileRef = 33CD48C91F86724F000C454F /* icon@2x.png */; };
		A5999C4C1FF3BB89009905E1 /* Localizable.strings in Resources */ = {isa = PBXBuildFile; fileRef = A5999C4E1FF3BB89009905E1 /* Localizable.strings */; };
/* End PBXBuildFile section */

/* Begin PBXFileReference section */
		112AF55920263497006937BF /* de */ = {isa = PBXFileReference; lastKnownFileType = text.plist.strings; name = de; path = de.lproj/Localizable.strings; sourceTree = "<group>"; };
		2C9625F520295D9F00F0C47E /* es */ = {isa = PBXFileReference; lastKnownFileType = text.plist.strings; name = es; path = es.lproj/Localizable.strings; sourceTree = "<group>"; };
		3319A9E81E085353005DB79C /* LICENSE */ = {isa = PBXFileReference; fileEncoding = 4; lastKnownFileType = text; path = LICENSE; sourceTree = SOURCE_ROOT; };
		3319A9E91E085353005DB79C /* README.md */ = {isa = PBXFileReference; fileEncoding = 4; lastKnownFileType = net.daringfireball.markdown; path = README.md; sourceTree = SOURCE_ROOT; };
		3333F8922198687500816A9F /* GBLaunchAtLogin.h */ = {isa = PBXFileReference; fileEncoding = 4; lastKnownFileType = sourcecode.c.h; path = GBLaunchAtLogin.h; sourceTree = "<group>"; };
		3333F8932198687500816A9F /* LICENSE */ = {isa = PBXFileReference; fileEncoding = 4; lastKnownFileType = text; path = LICENSE; sourceTree = "<group>"; };
		3333F8942198687500816A9F /* GBLaunchAtLogin.m */ = {isa = PBXFileReference; fileEncoding = 4; lastKnownFileType = sourcecode.c.objc; path = GBLaunchAtLogin.m; sourceTree = "<group>"; };
		3333F8952198687500816A9F /* README.md */ = {isa = PBXFileReference; fileEncoding = 4; lastKnownFileType = net.daringfireball.markdown; path = README.md; sourceTree = "<group>"; };
		336F74481E07E136009BCC1B /* MacMediaKeyForwarder.app */ = {isa = PBXFileReference; explicitFileType = wrapper.application; includeInIndex = 0; path = MacMediaKeyForwarder.app; sourceTree = BUILT_PRODUCTS_DIR; };
		336F744B1E07E136009BCC1B /* AppDelegate.h */ = {isa = PBXFileReference; lastKnownFileType = sourcecode.c.h; path = AppDelegate.h; sourceTree = "<group>"; };
		336F744C1E07E136009BCC1B /* AppDelegate.m */ = {isa = PBXFileReference; lastKnownFileType = sourcecode.c.objc; path = AppDelegate.m; sourceTree = "<group>"; };
		336F744F1E07E136009BCC1B /* main.m */ = {isa = PBXFileReference; lastKnownFileType = sourcecode.c.objc; path = main.m; sourceTree = "<group>"; };
		336F74511E07E136009BCC1B /* Assets.xcassets */ = {isa = PBXFileReference; lastKnownFileType = folder.assetcatalog; path = Assets.xcassets; sourceTree = "<group>"; };
		336F74541E07E136009BCC1B /* Base */ = {isa = PBXFileReference; lastKnownFileType = file.xib; name = Base; path = Base.lproj/MainMenu.xib; sourceTree = "<group>"; };
		336F74561E07E136009BCC1B /* Info.plist */ = {isa = PBXFileReference; lastKnownFileType = text.plist.xml; path = Info.plist; sourceTree = "<group>"; };
		336F74641E07E4F6009BCC1B /* CoreAudio.framework */ = {isa = PBXFileReference; lastKnownFileType = wrapper.framework; name = CoreAudio.framework; path = System/Library/Frameworks/CoreAudio.framework; sourceTree = SDKROOT; };
		337268BF1F8BA311007284E3 /* Spotify.h */ = {isa = PBXFileReference; lastKnownFileType = sourcecode.c.h; path = Spotify.h; sourceTree = "<group>"; };
		338A08AF2028840D001F1ED3 /* manualtest.txt */ = {isa = PBXFileReference; fileEncoding = 4; lastKnownFileType = text; path = manualtest.txt; sourceTree = "<group>"; };
		33B952841FD6E8C5003EE4CD /* .travis.yml */ = {isa = PBXFileReference; lastKnownFileType = text; path = .travis.yml; sourceTree = SOURCE_ROOT; };
		33CD48BE1F866DB7000C454F /* ScriptingBridge.framework */ = {isa = PBXFileReference; lastKnownFileType = wrapper.framework; name = ScriptingBridge.framework; path = System/Library/Frameworks/ScriptingBridge.framework; sourceTree = SDKROOT; };
		33CD48C11F866DC6000C454F /* iTunes.h */ = {isa = PBXFileReference; lastKnownFileType = sourcecode.c.h; path = iTunes.h; sourceTree = "<group>"; };
		33CD48C71F8671B6000C454F /* icon.png */ = {isa = PBXFileReference; lastKnownFileType = image.png; path = icon.png; sourceTree = "<group>"; };
		33CD48C91F86724F000C454F /* icon@2x.png */ = {isa = PBXFileReference; lastKnownFileType = image.png; path = "icon@2x.png"; sourceTree = "<group>"; };
		A5999C4D1FF3BB89009905E1 /* en */ = {isa = PBXFileReference; lastKnownFileType = text.plist.strings; name = en; path = en.lproj/Localizable.strings; sourceTree = "<group>"; };
		A5999C4F1FF3BB98009905E1 /* ko */ = {isa = PBXFileReference; lastKnownFileType = text.plist.strings; name = ko; path = ko.lproj/Localizable.strings; sourceTree = "<group>"; };
/* End PBXFileReference section */

/* Begin PBXFrameworksBuildPhase section */
		336F74451E07E136009BCC1B /* Frameworks */ = {
			isa = PBXFrameworksBuildPhase;
			buildActionMask = 2147483647;
			files = (
				33CD48BF1F866DB7000C454F /* ScriptingBridge.framework in Frameworks */,
				336F74651E07E4F6009BCC1B /* CoreAudio.framework in Frameworks */,
			);
			runOnlyForDeploymentPostprocessing = 0;
		};
/* End PBXFrameworksBuildPhase section */

/* Begin PBXGroup section */
		3333F8912198687500816A9F /* GBLaunchAtLogin */ = {
			isa = PBXGroup;
			children = (
				3333F8922198687500816A9F /* GBLaunchAtLogin.h */,
				3333F8932198687500816A9F /* LICENSE */,
				3333F8942198687500816A9F /* GBLaunchAtLogin.m */,
				3333F8952198687500816A9F /* README.md */,
			);
			name = GBLaunchAtLogin;
			path = MacMediaKeyForwarder/Frameworks/GBLaunchAtLogin;
			sourceTree = "<group>";
		};
		336F743F1E07E136009BCC1B = {
			isa = PBXGroup;
			children = (
				336F744A1E07E136009BCC1B /* MacMediaKeyForwarder */,
				336F74491E07E136009BCC1B /* Products */,
				336F74631E07E4F6009BCC1B /* Frameworks */,
			);
			sourceTree = "<group>";
		};
		336F74491E07E136009BCC1B /* Products */ = {
			isa = PBXGroup;
			children = (
				336F74481E07E136009BCC1B /* MacMediaKeyForwarder.app */,
			);
			name = Products;
			sourceTree = "<group>";
		};
		336F744A1E07E136009BCC1B /* MacMediaKeyForwarder */ = {
			isa = PBXGroup;
			children = (
				33CD48C11F866DC6000C454F /* iTunes.h */,
				337268BF1F8BA311007284E3 /* Spotify.h */,
				336F744B1E07E136009BCC1B /* AppDelegate.h */,
				336F744C1E07E136009BCC1B /* AppDelegate.m */,
				336F744E1E07E136009BCC1B /* Supporting Files */,
			);
			path = MacMediaKeyForwarder;
			sourceTree = "<group>";
		};
		336F744E1E07E136009BCC1B /* Supporting Files */ = {
			isa = PBXGroup;
			children = (
				33B952841FD6E8C5003EE4CD /* .travis.yml */,
				33CD48C71F8671B6000C454F /* icon.png */,
				33CD48C91F86724F000C454F /* icon@2x.png */,
				336F74511E07E136009BCC1B /* Assets.xcassets */,
				336F74531E07E136009BCC1B /* MainMenu.xib */,
				336F74561E07E136009BCC1B /* Info.plist */,
				3319A9E81E085353005DB79C /* LICENSE */,
				3319A9E91E085353005DB79C /* README.md */,
				338A08AF2028840D001F1ED3 /* manualtest.txt */,
				336F744F1E07E136009BCC1B /* main.m */,
				A5999C4E1FF3BB89009905E1 /* Localizable.strings */,
			);
			name = "Supporting Files";
			sourceTree = "<group>";
		};
		336F74631E07E4F6009BCC1B /* Frameworks */ = {
			isa = PBXGroup;
			children = (
				3333F8912198687500816A9F /* GBLaunchAtLogin */,
				33CD48BE1F866DB7000C454F /* ScriptingBridge.framework */,
				336F74641E07E4F6009BCC1B /* CoreAudio.framework */,
			);
			name = Frameworks;
			sourceTree = "<group>";
		};
/* End PBXGroup section */

/* Begin PBXNativeTarget section */
		336F74471E07E136009BCC1B /* MacMediaKeyForwarder */ = {
			isa = PBXNativeTarget;
			buildConfigurationList = 336F74591E07E136009BCC1B /* Build configuration list for PBXNativeTarget "MacMediaKeyForwarder" */;
			buildPhases = (
				336F74441E07E136009BCC1B /* Sources */,
				336F74451E07E136009BCC1B /* Frameworks */,
				336F74461E07E136009BCC1B /* Resources */,
			);
			buildRules = (
			);
			dependencies = (
			);
			name = MacMediaKeyForwarder;
			productName = "High Sierra Media Key Enabler";
			productReference = 336F74481E07E136009BCC1B /* MacMediaKeyForwarder.app */;
			productType = "com.apple.product-type.application";
		};
/* End PBXNativeTarget section */

/* Begin PBXProject section */
		336F74401E07E136009BCC1B /* Project object */ = {
			isa = PBXProject;
			attributes = {
				LastUpgradeCheck = 1010;
				ORGANIZATIONNAME = "Milan Toth";
				TargetAttributes = {
					336F74471E07E136009BCC1B = {
						CreatedOnToolsVersion = 8.2;
						ProvisioningStyle = Manual;
						SystemCapabilities = {
							com.apple.Sandbox = {
								enabled = 0;
							};
						};
					};
				};
			};
			buildConfigurationList = 336F74431E07E136009BCC1B /* Build configuration list for PBXProject "MacMediaKeyForwarder" */;
			compatibilityVersion = "Xcode 3.2";
			developmentRegion = English;
			hasScannedForEncodings = 0;
			knownRegions = (
				en,
				Base,
				ko,
				de,
				es,
			);
			mainGroup = 336F743F1E07E136009BCC1B;
			productRefGroup = 336F74491E07E136009BCC1B /* Products */;
			projectDirPath = "";
			projectRoot = "";
			targets = (
				336F74471E07E136009BCC1B /* MacMediaKeyForwarder */,
			);
		};
/* End PBXProject section */

/* Begin PBXResourcesBuildPhase section */
		336F74461E07E136009BCC1B /* Resources */ = {
			isa = PBXResourcesBuildPhase;
			buildActionMask = 2147483647;
			files = (
				336F74521E07E136009BCC1B /* Assets.xcassets in Resources */,
				A5999C4C1FF3BB89009905E1 /* Localizable.strings in Resources */,
				33CD48CC1F867408000C454F /* icon@2x.png in Resources */,
				336F74551E07E136009BCC1B /* MainMenu.xib in Resources */,
				33CD48CB1F867394000C454F /* icon.png in Resources */,
			);
			runOnlyForDeploymentPostprocessing = 0;
		};
/* End PBXResourcesBuildPhase section */

/* Begin PBXSourcesBuildPhase section */
		336F74441E07E136009BCC1B /* Sources */ = {
			isa = PBXSourcesBuildPhase;
			buildActionMask = 2147483647;
			files = (
				3333F8972198687500816A9F /* GBLaunchAtLogin.m in Sources */,
				336F74501E07E136009BCC1B /* main.m in Sources */,
				336F744D1E07E136009BCC1B /* AppDelegate.m in Sources */,
			);
			runOnlyForDeploymentPostprocessing = 0;
		};
/* End PBXSourcesBuildPhase section */

/* Begin PBXVariantGroup section */
		336F74531E07E136009BCC1B /* MainMenu.xib */ = {
			isa = PBXVariantGroup;
			children = (
				336F74541E07E136009BCC1B /* Base */,
			);
			name = MainMenu.xib;
			sourceTree = "<group>";
		};
		A5999C4E1FF3BB89009905E1 /* Localizable.strings */ = {
			isa = PBXVariantGroup;
			children = (
				A5999C4D1FF3BB89009905E1 /* en */,
				A5999C4F1FF3BB98009905E1 /* ko */,
				112AF55920263497006937BF /* de */,
				2C9625F520295D9F00F0C47E /* es */,
			);
			name = Localizable.strings;
			sourceTree = "<group>";
		};
/* End PBXVariantGroup section */

/* Begin XCBuildConfiguration section */
		336F74571E07E136009BCC1B /* Debug */ = {
			isa = XCBuildConfiguration;
			buildSettings = {
				ALWAYS_SEARCH_USER_PATHS = NO;
				CLANG_ANALYZER_LOCALIZABILITY_NONLOCALIZED = YES;
				CLANG_ANALYZER_NONNULL = YES;
				CLANG_CXX_LANGUAGE_STANDARD = "gnu++0x";
				CLANG_CXX_LIBRARY = "libc++";
				CLANG_ENABLE_MODULES = YES;
				CLANG_ENABLE_OBJC_ARC = YES;
				CLANG_WARN_BLOCK_CAPTURE_AUTORELEASING = YES;
				CLANG_WARN_BOOL_CONVERSION = YES;
				CLANG_WARN_COMMA = YES;
				CLANG_WARN_CONSTANT_CONVERSION = YES;
				CLANG_WARN_DEPRECATED_OBJC_IMPLEMENTATIONS = YES;
				CLANG_WARN_DIRECT_OBJC_ISA_USAGE = YES_ERROR;
				CLANG_WARN_DOCUMENTATION_COMMENTS = YES;
				CLANG_WARN_EMPTY_BODY = YES;
				CLANG_WARN_ENUM_CONVERSION = YES;
				CLANG_WARN_INFINITE_RECURSION = YES;
				CLANG_WARN_INT_CONVERSION = YES;
				CLANG_WARN_NON_LITERAL_NULL_CONVERSION = YES;
				CLANG_WARN_OBJC_IMPLICIT_RETAIN_SELF = YES;
				CLANG_WARN_OBJC_LITERAL_CONVERSION = YES;
				CLANG_WARN_OBJC_ROOT_CLASS = YES_ERROR;
				CLANG_WARN_RANGE_LOOP_ANALYSIS = YES;
				CLANG_WARN_STRICT_PROTOTYPES = YES;
				CLANG_WARN_SUSPICIOUS_MOVE = YES;
				CLANG_WARN_UNREACHABLE_CODE = YES;
				CLANG_WARN__DUPLICATE_METHOD_MATCH = YES;
				CODE_SIGN_IDENTITY = "-";
				COPY_PHASE_STRIP = NO;
				DEBUG_INFORMATION_FORMAT = dwarf;
				ENABLE_STRICT_OBJC_MSGSEND = YES;
				ENABLE_TESTABILITY = YES;
				GCC_C_LANGUAGE_STANDARD = gnu99;
				GCC_DYNAMIC_NO_PIC = NO;
				GCC_NO_COMMON_BLOCKS = YES;
				GCC_OPTIMIZATION_LEVEL = 0;
				GCC_PREPROCESSOR_DEFINITIONS = (
					"DEBUG=1",
					"$(inherited)",
				);
				GCC_WARN_64_TO_32_BIT_CONVERSION = YES;
				GCC_WARN_ABOUT_RETURN_TYPE = YES_ERROR;
				GCC_WARN_UNDECLARED_SELECTOR = YES;
				GCC_WARN_UNINITIALIZED_AUTOS = YES_AGGRESSIVE;
				GCC_WARN_UNUSED_FUNCTION = YES;
				GCC_WARN_UNUSED_VARIABLE = YES;
				MACOSX_DEPLOYMENT_TARGET = 10.12;
				MTL_ENABLE_DEBUG_INFO = YES;
				ONLY_ACTIVE_ARCH = YES;
				SDKROOT = macosx;
			};
			name = Debug;
		};
		336F74581E07E136009BCC1B /* Release */ = {
			isa = XCBuildConfiguration;
			buildSettings = {
				ALWAYS_SEARCH_USER_PATHS = NO;
				CLANG_ANALYZER_LOCALIZABILITY_NONLOCALIZED = YES;
				CLANG_ANALYZER_NONNULL = YES;
				CLANG_CXX_LANGUAGE_STANDARD = "gnu++0x";
				CLANG_CXX_LIBRARY = "libc++";
				CLANG_ENABLE_MODULES = YES;
				CLANG_ENABLE_OBJC_ARC = YES;
				CLANG_WARN_BLOCK_CAPTURE_AUTORELEASING = YES;
				CLANG_WARN_BOOL_CONVERSION = YES;
				CLANG_WARN_COMMA = YES;
				CLANG_WARN_CONSTANT_CONVERSION = YES;
				CLANG_WARN_DEPRECATED_OBJC_IMPLEMENTATIONS = YES;
				CLANG_WARN_DIRECT_OBJC_ISA_USAGE = YES_ERROR;
				CLANG_WARN_DOCUMENTATION_COMMENTS = YES;
				CLANG_WARN_EMPTY_BODY = YES;
				CLANG_WARN_ENUM_CONVERSION = YES;
				CLANG_WARN_INFINITE_RECURSION = YES;
				CLANG_WARN_INT_CONVERSION = YES;
				CLANG_WARN_NON_LITERAL_NULL_CONVERSION = YES;
				CLANG_WARN_OBJC_IMPLICIT_RETAIN_SELF = YES;
				CLANG_WARN_OBJC_LITERAL_CONVERSION = YES;
				CLANG_WARN_OBJC_ROOT_CLASS = YES_ERROR;
				CLANG_WARN_RANGE_LOOP_ANALYSIS = YES;
				CLANG_WARN_STRICT_PROTOTYPES = YES;
				CLANG_WARN_SUSPICIOUS_MOVE = YES;
				CLANG_WARN_UNREACHABLE_CODE = YES;
				CLANG_WARN__DUPLICATE_METHOD_MATCH = YES;
				CODE_SIGN_IDENTITY = "-";
				COPY_PHASE_STRIP = NO;
				DEBUG_INFORMATION_FORMAT = "dwarf-with-dsym";
				ENABLE_NS_ASSERTIONS = NO;
				ENABLE_STRICT_OBJC_MSGSEND = YES;
				GCC_C_LANGUAGE_STANDARD = gnu99;
				GCC_NO_COMMON_BLOCKS = YES;
				GCC_WARN_64_TO_32_BIT_CONVERSION = YES;
				GCC_WARN_ABOUT_RETURN_TYPE = YES_ERROR;
				GCC_WARN_UNDECLARED_SELECTOR = YES;
				GCC_WARN_UNINITIALIZED_AUTOS = YES_AGGRESSIVE;
				GCC_WARN_UNUSED_FUNCTION = YES;
				GCC_WARN_UNUSED_VARIABLE = YES;
				MACOSX_DEPLOYMENT_TARGET = 10.12;
				MTL_ENABLE_DEBUG_INFO = NO;
				SDKROOT = macosx;
			};
			name = Release;
		};
		336F745A1E07E136009BCC1B /* Debug */ = {
			isa = XCBuildConfiguration;
			buildSettings = {
				ASSETCATALOG_COMPILER_APPICON_NAME = AppIcon;
				CLANG_ENABLE_OBJC_ARC = YES;
				CODE_SIGN_IDENTITY = "-";
				CODE_SIGN_STYLE = Manual;
				COMBINE_HIDPI_IMAGES = YES;
				DEVELOPMENT_TEAM = "";
				INFOPLIST_FILE = MacMediaKeyForwarder/Info.plist;
				LD_RUNPATH_SEARCH_PATHS = "$(inherited) @executable_path/../Frameworks";
				MACOSX_DEPLOYMENT_TARGET = 10.12;
				PRODUCT_BUNDLE_IDENTIFIER = com.milgra.hsmke;
				PRODUCT_NAME = "$(TARGET_NAME)";
				PROVISIONING_PROFILE_SPECIFIER = "";
			};
			name = Debug;
		};
		336F745B1E07E136009BCC1B /* Release */ = {
			isa = XCBuildConfiguration;
			buildSettings = {
				ASSETCATALOG_COMPILER_APPICON_NAME = AppIcon;
				CLANG_ENABLE_OBJC_ARC = YES;
				CODE_SIGN_IDENTITY = "-";
				CODE_SIGN_STYLE = Manual;
				COMBINE_HIDPI_IMAGES = YES;
				DEVELOPMENT_TEAM = "";
				INFOPLIST_FILE = MacMediaKeyForwarder/Info.plist;
				LD_RUNPATH_SEARCH_PATHS = "$(inherited) @executable_path/../Frameworks";
				MACOSX_DEPLOYMENT_TARGET = 10.12;
				PRODUCT_BUNDLE_IDENTIFIER = com.milgra.hsmke;
				PRODUCT_NAME = "$(TARGET_NAME)";
				PROVISIONING_PROFILE_SPECIFIER = "";
			};
			name = Release;
		};
/* End XCBuildConfiguration section */

/* Begin XCConfigurationList section */
		336F74431E07E136009BCC1B /* Build configuration list for PBXProject "MacMediaKeyForwarder" */ = {
			isa = XCConfigurationList;
			buildConfigurations = (
				336F74571E07E136009BCC1B /* Debug */,
				336F74581E07E136009BCC1B /* Release */,
			);
			defaultConfigurationIsVisible = 0;
			defaultConfigurationName = Release;
		};
		336F74591E07E136009BCC1B /* Build configuration list for PBXNativeTarget "MacMediaKeyForwarder" */ = {
			isa = XCConfigurationList;
			buildConfigurations = (
				336F745A1E07E136009BCC1B /* Debug */,
				336F745B1E07E136009BCC1B /* Release */,
			);
			defaultConfigurationIsVisible = 0;
			defaultConfigurationName = Release;
		};
/* End XCConfigurationList section */
	};
	rootObject = 336F74401E07E136009BCC1B /* Project object */;
}
